
Microsoft Visual Studio Solution File, Format Version 12.00
# Visual Studio Version 17
VisualStudioVersion = 17.0.31903.59
MinimumVisualStudioVersion = 10.0.40219.1
Project("{2150E333-8FDC-42A3-9474-1A3956D46DE8}") = "Services", "Services", "{78462EE4-1B72-4D04-B8AF-451296F70FED}"
EndProject
Project("{FAE04EC0-301F-11D3-BF4B-00C04F79EFBC}") = "CreateAccount", "Services\CreateAccount\CreateAccount.csproj", "{731302AA-F3B4-4388-AB4F-24C73EBD19E9}"
EndProject
Project("{FAE04EC0-301F-11D3-BF4B-00C04F79EFBC}") = "GetAccountsAtAllBanks", "Services\GetAccountsAtAllBanks\GetAccountsAtAllBanks.csproj", "{691CAA0D-FFB7-4E6D-9B97-4CF392472FFD}"
EndProject
Project("{FAE04EC0-301F-11D3-BF4B-00C04F79EFBC}") = "UpdateAccountLabel", "Services\UpdateAccountLabel\UpdateAccountLabel.csproj", "{5027D56E-3ACB-4E48-962A-41DD44FBA521}"
EndProject
Project("{FAE04EC0-301F-11D3-BF4B-00C04F79EFBC}") = "GetBank", "Services\GetBank\GetBank.csproj", "{43661942-95F8-439E-BC19-00DF92F6A8FC}"
EndProject
Project("{FAE04EC0-301F-11D3-BF4B-00C04F79EFBC}") = "GetTransactionTypesAtBank", "Services\GetTransactionTypesAtBank\GetTransactionTypesAtBank.csproj", "{2029F4E7-3442-4714-8DE3-52CE840AA0DA}"
EndProject
Project("{FAE04EC0-301F-11D3-BF4B-00C04F79EFBC}") = "GetCardsForCurrentUser", "Services\GetCardsForCurrentUser\GetCardsForCurrentUser.csproj", "{29A5F936-C4CA-4208-83C6-ECCAA2CF01B6}"
EndProject
Project("{FAE04EC0-301F-11D3-BF4B-00C04F79EFBC}") = "GetCardsForSpecifiedBank", "Services\GetCardsForSpecifiedBank\GetCardsForSpecifiedBank.csproj", "{56FC60EE-F6F6-4A8D-94BD-2466002B77C4}"
EndProject
Project("{FAE04EC0-301F-11D3-BF4B-00C04F79EFBC}") = "CreateCustomer", "Services\CreateCustomer\CreateCustomer.csproj", "{6879BCA0-C108-4CCE-8006-17A08CECE346}"
EndProject
Project("{FAE04EC0-301F-11D3-BF4B-00C04F79EFBC}") = "CreateCustomerSocialMediaHandlers", "Services\CreateCustomerSocialMediaHandlers\CreateCustomerSocialMediaHandlers.csproj", "{C3E9446C-DD4E-4A0C-A39A-1EC3B50DB046}"
EndProject
Project("{FAE04EC0-301F-11D3-BF4B-00C04F79EFBC}") = "CreateCustomerMessage", "Services\CreateCustomerMessage\CreateCustomerMessage.csproj", "{E2EA0D41-8768-4494-94F6-D305D6186325}"
EndProject
Project("{FAE04EC0-301F-11D3-BF4B-00C04F79EFBC}") = "GetResourceDogs", "Services\GetResourceDogs\GetResourceDogs.csproj", "{42B929BA-A355-4A98-881C-1AE9B76D6638}"
EndProject
Project("{FAE04EC0-301F-11D3-BF4B-00C04F79EFBC}") = "AddKYCCheck", "Services\AddKYCCheck\AddKYCCheck.csproj", "{161C91B8-E2BE-4397-9016-BC446A3FDE66}"
EndProject
Project("{FAE04EC0-301F-11D3-BF4B-00C04F79EFBC}") = "AddKYCDocument", "Services\AddKYCDocument\AddKYCDocument.csproj", "{1F9956A7-53D8-4D33-B97C-CBB7E9E3652A}"
EndProject
Project("{FAE04EC0-301F-11D3-BF4B-00C04F79EFBC}") = "AddKYCStatus", "Services\AddKYCStatus\AddKYCStatus.csproj", "{D997DC0E-F501-48A5-B341-AFF65E37D42F}"
EndProject
Project("{FAE04EC0-301F-11D3-BF4B-00C04F79EFBC}") = "GetCustomerKYCChecks", "Services\GetCustomerKYCChecks\GetCustomerKYCChecks.csproj", "{0ED9B3CC-8AF1-4D1D-908F-F74C353192D2}"
EndProject
Project("{FAE04EC0-301F-11D3-BF4B-00C04F79EFBC}") = "GetCustomerKYCDocuments", "Services\GetCustomerKYCDocuments\GetCustomerKYCDocuments.csproj", "{220177F8-5FE5-446F-9915-E0CCAE051CE1}"
EndProject
Project("{FAE04EC0-301F-11D3-BF4B-00C04F79EFBC}") = "GetCustomerKYCStatuses", "Services\GetCustomerKYCStatuses\GetCustomerKYCStatuses.csproj", "{046E9848-935A-46C2-A6D0-D7F231D9DB0D}"
EndProject
Project("{FAE04EC0-301F-11D3-BF4B-00C04F79EFBC}") = "SearchAPIMetrics", "Services\SearchAPIMetrics\SearchAPIMetrics.csproj", "{049FB515-5EC4-45AE-8B83-F0D606EA2C3C}"
EndProject
Project("{FAE04EC0-301F-11D3-BF4B-00C04F79EFBC}") = "GetSwaggerDocumentation", "Services\GetSwaggerDocumentation\GetSwaggerDocumentation.csproj", "{937EEA4F-7533-44CE-971A-6967DE742E58}"
EndProject
Project("{FAE04EC0-301F-11D3-BF4B-00C04F79EFBC}") = "AnswerTransactionRequestChallenge", "Services\AnswerTransactionRequestChallenge\AnswerTransactionRequestChallenge.csproj", "{3E253243-24FC-4951-96CE-DEE6B50A8C42}"
EndProject
Project("{FAE04EC0-301F-11D3-BF4B-00C04F79EFBC}") = "CreateTransactionRequest", "Services\CreateTransactionRequest\CreateTransactionRequest.csproj", "{2754E027-4076-4304-8B2A-A332C02FBFDF}"
EndProject
Project("{FAE04EC0-301F-11D3-BF4B-00C04F79EFBC}") = "GetTransactionRequestTypesForAccount", "Services\GetTransactionRequestTypesForAccount\GetTransactionRequestTypesForAccount.csproj", "{D0D01610-B109-4EAF-B505-3D3D573234CF}"
EndProject
Project("{FAE04EC0-301F-11D3-BF4B-00C04F79EFBC}") = "GetTransactionRequests", "Services\GetTransactionRequests\GetTransactionRequests.csproj", "{0C043621-9A07-4BD0-8F38-6852292CC8AE}"
EndProject
Project("{FAE04EC0-301F-11D3-BF4B-00C04F79EFBC}") = "CreateUser", "Services\CreateUser\CreateUser.csproj", "{D757CB87-5AAA-4238-B919-A3AD22BC0FFE}"
EndProject
Project("{FAE04EC0-301F-11D3-BF4B-00C04F79EFBC}") = "GetUserCurrent", "Services\GetUserCurrent\GetUserCurrent.csproj", "{5C197072-58D4-488B-93B4-FFB66BD41436}"
EndProject
Project("{FAE04EC0-301F-11D3-BF4B-00C04F79EFBC}") = "GetUsersByEmailAddress", "Services\GetUsersByEmailAddress\GetUsersByEmailAddress.csproj", "{FCFFF81C-2EC5-47F9-A078-B57E8059BF79}"
EndProject
Project("{FAE04EC0-301F-11D3-BF4B-00C04F79EFBC}") = "ViewCustom", "Services\ViewCustom\ViewCustom.csproj", "{7F1F7390-CBF2-46A9-8350-AA08A05D5F1A}"
EndProject
Project("{FAE04EC0-301F-11D3-BF4B-00C04F79EFBC}") = "DeleteCustomView", "Services\DeleteCustomView\DeleteCustomView.csproj", "{095EA7B5-037D-40F4-8F7A-0F56BFDDEDE5}"
EndProject
Project("{FAE04EC0-301F-11D3-BF4B-00C04F79EFBC}") = "GetAccountAccessForUser", "Services\GetAccountAccessForUser\GetAccountAccessForUser.csproj", "{9DA1C7EC-2AF7-4690-B95F-03A07BAC1685}"
EndProject
Project("{FAE04EC0-301F-11D3-BF4B-00C04F79EFBC}") = "GetViewsForAccount", "Services\GetViewsForAccount\GetViewsForAccount.csproj", "{678BF41F-B65F-4D9A-BA73-C0E319A0C0B6}"
EndProject
Project("{FAE04EC0-301F-11D3-BF4B-00C04F79EFBC}") = "GetAccess", "Services\GetAccess\GetAccess.csproj", "{817B45F0-9121-419F-945A-21B319832A07}"
EndProject
Project("{FAE04EC0-301F-11D3-BF4B-00C04F79EFBC}") = "GrantUserAccessToView", "Services\GrantUserAccessToView\GrantUserAccessToView.csproj", "{B31B4158-8D1E-4053-B950-FFE170BDE625}"
EndProject
Project("{FAE04EC0-301F-11D3-BF4B-00C04F79EFBC}") = "APIGateway", "APIGateway\APIGateway.csproj", "{49A82E7C-B080-484C-AD82-63B84D69C04D}"
EndProject
Global
	GlobalSection(SolutionConfigurationPlatforms) = preSolution
		Debug|Any CPU = Debug|Any CPU
		Release|Any CPU = Release|Any CPU
	EndGlobalSection
	GlobalSection(SolutionProperties) = preSolution
		HideSolutionNode = FALSE
	EndGlobalSection
	GlobalSection(ProjectConfigurationPlatforms) = postSolution
		{731302AA-F3B4-4388-AB4F-24C73EBD19E9}.Debug|Any CPU.ActiveCfg = Debug|Any CPU
		{731302AA-F3B4-4388-AB4F-24C73EBD19E9}.Debug|Any CPU.Build.0 = Debug|Any CPU
		{731302AA-F3B4-4388-AB4F-24C73EBD19E9}.Release|Any CPU.ActiveCfg = Release|Any CPU
		{731302AA-F3B4-4388-AB4F-24C73EBD19E9}.Release|Any CPU.Build.0 = Release|Any CPU
		{691CAA0D-FFB7-4E6D-9B97-4CF392472FFD}.Debug|Any CPU.ActiveCfg = Debug|Any CPU
		{691CAA0D-FFB7-4E6D-9B97-4CF392472FFD}.Debug|Any CPU.Build.0 = Debug|Any CPU
		{691CAA0D-FFB7-4E6D-9B97-4CF392472FFD}.Release|Any CPU.ActiveCfg = Release|Any CPU
		{691CAA0D-FFB7-4E6D-9B97-4CF392472FFD}.Release|Any CPU.Build.0 = Release|Any CPU
		{5027D56E-3ACB-4E48-962A-41DD44FBA521}.Debug|Any CPU.ActiveCfg = Debug|Any CPU
		{5027D56E-3ACB-4E48-962A-41DD44FBA521}.Debug|Any CPU.Build.0 = Debug|Any CPU
		{5027D56E-3ACB-4E48-962A-41DD44FBA521}.Release|Any CPU.ActiveCfg = Release|Any CPU
		{5027D56E-3ACB-4E48-962A-41DD44FBA521}.Release|Any CPU.Build.0 = Release|Any CPU
		{43661942-95F8-439E-BC19-00DF92F6A8FC}.Debug|Any CPU.ActiveCfg = Debug|Any CPU
		{43661942-95F8-439E-BC19-00DF92F6A8FC}.Debug|Any CPU.Build.0 = Debug|Any CPU
		{43661942-95F8-439E-BC19-00DF92F6A8FC}.Release|Any CPU.ActiveCfg = Release|Any CPU
		{43661942-95F8-439E-BC19-00DF92F6A8FC}.Release|Any CPU.Build.0 = Release|Any CPU
		{2029F4E7-3442-4714-8DE3-52CE840AA0DA}.Debug|Any CPU.ActiveCfg = Debug|Any CPU
		{2029F4E7-3442-4714-8DE3-52CE840AA0DA}.Debug|Any CPU.Build.0 = Debug|Any CPU
		{2029F4E7-3442-4714-8DE3-52CE840AA0DA}.Release|Any CPU.ActiveCfg = Release|Any CPU
		{2029F4E7-3442-4714-8DE3-52CE840AA0DA}.Release|Any CPU.Build.0 = Release|Any CPU
		{29A5F936-C4CA-4208-83C6-ECCAA2CF01B6}.Debug|Any CPU.ActiveCfg = Debug|Any CPU
		{29A5F936-C4CA-4208-83C6-ECCAA2CF01B6}.Debug|Any CPU.Build.0 = Debug|Any CPU
		{29A5F936-C4CA-4208-83C6-ECCAA2CF01B6}.Release|Any CPU.ActiveCfg = Release|Any CPU
		{29A5F936-C4CA-4208-83C6-ECCAA2CF01B6}.Release|Any CPU.Build.0 = Release|Any CPU
		{56FC60EE-F6F6-4A8D-94BD-2466002B77C4}.Debug|Any CPU.ActiveCfg = Debug|Any CPU
		{56FC60EE-F6F6-4A8D-94BD-2466002B77C4}.Debug|Any CPU.Build.0 = Debug|Any CPU
		{56FC60EE-F6F6-4A8D-94BD-2466002B77C4}.Release|Any CPU.ActiveCfg = Release|Any CPU
		{56FC60EE-F6F6-4A8D-94BD-2466002B77C4}.Release|Any CPU.Build.0 = Release|Any CPU
		{6879BCA0-C108-4CCE-8006-17A08CECE346}.Debug|Any CPU.ActiveCfg = Debug|Any CPU
		{6879BCA0-C108-4CCE-8006-17A08CECE346}.Debug|Any CPU.Build.0 = Debug|Any CPU
		{6879BCA0-C108-4CCE-8006-17A08CECE346}.Release|Any CPU.ActiveCfg = Release|Any CPU
		{6879BCA0-C108-4CCE-8006-17A08CECE346}.Release|Any CPU.Build.0 = Release|Any CPU
		{C3E9446C-DD4E-4A0C-A39A-1EC3B50DB046}.Debug|Any CPU.ActiveCfg = Debug|Any CPU
		{C3E9446C-DD4E-4A0C-A39A-1EC3B50DB046}.Debug|Any CPU.Build.0 = Debug|Any CPU
		{C3E9446C-DD4E-4A0C-A39A-1EC3B50DB046}.Release|Any CPU.ActiveCfg = Release|Any CPU
		{C3E9446C-DD4E-4A0C-A39A-1EC3B50DB046}.Release|Any CPU.Build.0 = Release|Any CPU
		{E2EA0D41-8768-4494-94F6-D305D6186325}.Debug|Any CPU.ActiveCfg = Debug|Any CPU
		{E2EA0D41-8768-4494-94F6-D305D6186325}.Debug|Any CPU.Build.0 = Debug|Any CPU
		{E2EA0D41-8768-4494-94F6-D305D6186325}.Release|Any CPU.ActiveCfg = Release|Any CPU
		{E2EA0D41-8768-4494-94F6-D305D6186325}.Release|Any CPU.Build.0 = Release|Any CPU
		{42B929BA-A355-4A98-881C-1AE9B76D6638}.Debug|Any CPU.ActiveCfg = Debug|Any CPU
		{42B929BA-A355-4A98-881C-1AE9B76D6638}.Debug|Any CPU.Build.0 = Debug|Any CPU
		{42B929BA-A355-4A98-881C-1AE9B76D6638}.Release|Any CPU.ActiveCfg = Release|Any CPU
		{42B929BA-A355-4A98-881C-1AE9B76D6638}.Release|Any CPU.Build.0 = Release|Any CPU
		{161C91B8-E2BE-4397-9016-BC446A3FDE66}.Debug|Any CPU.ActiveCfg = Debug|Any CPU
		{161C91B8-E2BE-4397-9016-BC446A3FDE66}.Debug|Any CPU.Build.0 = Debug|Any CPU
		{161C91B8-E2BE-4397-9016-BC446A3FDE66}.Release|Any CPU.ActiveCfg = Release|Any CPU
		{161C91B8-E2BE-4397-9016-BC446A3FDE66}.Release|Any CPU.Build.0 = Release|Any CPU
		{1F9956A7-53D8-4D33-B97C-CBB7E9E3652A}.Debug|Any CPU.ActiveCfg = Debug|Any CPU
		{1F9956A7-53D8-4D33-B97C-CBB7E9E3652A}.Debug|Any CPU.Build.0 = Debug|Any CPU
		{1F9956A7-53D8-4D33-B97C-CBB7E9E3652A}.Release|Any CPU.ActiveCfg = Release|Any CPU
		{1F9956A7-53D8-4D33-B97C-CBB7E9E3652A}.Release|Any CPU.Build.0 = Release|Any CPU
		{D997DC0E-F501-48A5-B341-AFF65E37D42F}.Debug|Any CPU.ActiveCfg = Debug|Any CPU
		{D997DC0E-F501-48A5-B341-AFF65E37D42F}.Debug|Any CPU.Build.0 = Debug|Any CPU
		{D997DC0E-F501-48A5-B341-AFF65E37D42F}.Release|Any CPU.ActiveCfg = Release|Any CPU
		{D997DC0E-F501-48A5-B341-AFF65E37D42F}.Release|Any CPU.Build.0 = Release|Any CPU
		{0ED9B3CC-8AF1-4D1D-908F-F74C353192D2}.Debug|Any CPU.ActiveCfg = Debug|Any CPU
		{0ED9B3CC-8AF1-4D1D-908F-F74C353192D2}.Debug|Any CPU.Build.0 = Debug|Any CPU
		{0ED9B3CC-8AF1-4D1D-908F-F74C353192D2}.Release|Any CPU.ActiveCfg = Release|Any CPU
		{0ED9B3CC-8AF1-4D1D-908F-F74C353192D2}.Release|Any CPU.Build.0 = Release|Any CPU
		{220177F8-5FE5-446F-9915-E0CCAE051CE1}.Debug|Any CPU.ActiveCfg = Debug|Any CPU
		{220177F8-5FE5-446F-9915-E0CCAE051CE1}.Debug|Any CPU.Build.0 = Debug|Any CPU
		{220177F8-5FE5-446F-9915-E0CCAE051CE1}.Release|Any CPU.ActiveCfg = Release|Any CPU
		{220177F8-5FE5-446F-9915-E0CCAE051CE1}.Release|Any CPU.Build.0 = Release|Any CPU
		{046E9848-935A-46C2-A6D0-D7F231D9DB0D}.Debug|Any CPU.ActiveCfg = Debug|Any CPU
		{046E9848-935A-46C2-A6D0-D7F231D9DB0D}.Debug|Any CPU.Build.0 = Debug|Any CPU
		{046E9848-935A-46C2-A6D0-D7F231D9DB0D}.Release|Any CPU.ActiveCfg = Release|Any CPU
		{046E9848-935A-46C2-A6D0-D7F231D9DB0D}.Release|Any CPU.Build.0 = Release|Any CPU
		{049FB515-5EC4-45AE-8B83-F0D606EA2C3C}.Debug|Any CPU.ActiveCfg = Debug|Any CPU
		{049FB515-5EC4-45AE-8B83-F0D606EA2C3C}.Debug|Any CPU.Build.0 = Debug|Any CPU
		{049FB515-5EC4-45AE-8B83-F0D606EA2C3C}.Release|Any CPU.ActiveCfg = Release|Any CPU
		{049FB515-5EC4-45AE-8B83-F0D606EA2C3C}.Release|Any CPU.Build.0 = Release|Any CPU
		{937EEA4F-7533-44CE-971A-6967DE742E58}.Debug|Any CPU.ActiveCfg = Debug|Any CPU
		{937EEA4F-7533-44CE-971A-6967DE742E58}.Debug|Any CPU.Build.0 = Debug|Any CPU
		{937EEA4F-7533-44CE-971A-6967DE742E58}.Release|Any CPU.ActiveCfg = Release|Any CPU
		{937EEA4F-7533-44CE-971A-6967DE742E58}.Release|Any CPU.Build.0 = Release|Any CPU
		{3E253243-24FC-4951-96CE-DEE6B50A8C42}.Debug|Any CPU.ActiveCfg = Debug|Any CPU
		{3E253243-24FC-4951-96CE-DEE6B50A8C42}.Debug|Any CPU.Build.0 = Debug|Any CPU
		{3E253243-24FC-4951-96CE-DEE6B50A8C42}.Release|Any CPU.ActiveCfg = Release|Any CPU
		{3E253243-24FC-4951-96CE-DEE6B50A8C42}.Release|Any CPU.Build.0 = Release|Any CPU
		{2754E027-4076-4304-8B2A-A332C02FBFDF}.Debug|Any CPU.ActiveCfg = Debug|Any CPU
		{2754E027-4076-4304-8B2A-A332C02FBFDF}.Debug|Any CPU.Build.0 = Debug|Any CPU
		{2754E027-4076-4304-8B2A-A332C02FBFDF}.Release|Any CPU.ActiveCfg = Release|Any CPU
		{2754E027-4076-4304-8B2A-A332C02FBFDF}.Release|Any CPU.Build.0 = Release|Any CPU
		{D0D01610-B109-4EAF-B505-3D3D573234CF}.Debug|Any CPU.ActiveCfg = Debug|Any CPU
		{D0D01610-B109-4EAF-B505-3D3D573234CF}.Debug|Any CPU.Build.0 = Debug|Any CPU
		{D0D01610-B109-4EAF-B505-3D3D573234CF}.Release|Any CPU.ActiveCfg = Release|Any CPU
		{D0D01610-B109-4EAF-B505-3D3D573234CF}.Release|Any CPU.Build.0 = Release|Any CPU
		{0C043621-9A07-4BD0-8F38-6852292CC8AE}.Debug|Any CPU.ActiveCfg = Debug|Any CPU
		{0C043621-9A07-4BD0-8F38-6852292CC8AE}.Debug|Any CPU.Build.0 = Debug|Any CPU
		{0C043621-9A07-4BD0-8F38-6852292CC8AE}.Release|Any CPU.ActiveCfg = Release|Any CPU
		{0C043621-9A07-4BD0-8F38-6852292CC8AE}.Release|Any CPU.Build.0 = Release|Any CPU
		{D757CB87-5AAA-4238-B919-A3AD22BC0FFE}.Debug|Any CPU.ActiveCfg = Debug|Any CPU
		{D757CB87-5AAA-4238-B919-A3AD22BC0FFE}.Debug|Any CPU.Build.0 = Debug|Any CPU
		{D757CB87-5AAA-4238-B919-A3AD22BC0FFE}.Release|Any CPU.ActiveCfg = Release|Any CPU
		{D757CB87-5AAA-4238-B919-A3AD22BC0FFE}.Release|Any CPU.Build.0 = Release|Any CPU
		{5C197072-58D4-488B-93B4-FFB66BD41436}.Debug|Any CPU.ActiveCfg = Debug|Any CPU
		{5C197072-58D4-488B-93B4-FFB66BD41436}.Debug|Any CPU.Build.0 = Debug|Any CPU
		{5C197072-58D4-488B-93B4-FFB66BD41436}.Release|Any CPU.ActiveCfg = Release|Any CPU
		{5C197072-58D4-488B-93B4-FFB66BD41436}.Release|Any CPU.Build.0 = Release|Any CPU
		{FCFFF81C-2EC5-47F9-A078-B57E8059BF79}.Debug|Any CPU.ActiveCfg = Debug|Any CPU
		{FCFFF81C-2EC5-47F9-A078-B57E8059BF79}.Debug|Any CPU.Build.0 = Debug|Any CPU
		{FCFFF81C-2EC5-47F9-A078-B57E8059BF79}.Release|Any CPU.ActiveCfg = Release|Any CPU
		{FCFFF81C-2EC5-47F9-A078-B57E8059BF79}.Release|Any CPU.Build.0 = Release|Any CPU
		{7F1F7390-CBF2-46A9-8350-AA08A05D5F1A}.Debug|Any CPU.ActiveCfg = Debug|Any CPU
		{7F1F7390-CBF2-46A9-8350-AA08A05D5F1A}.Debug|Any CPU.Build.0 = Debug|Any CPU
		{7F1F7390-CBF2-46A9-8350-AA08A05D5F1A}.Release|Any CPU.ActiveCfg = Release|Any CPU
		{7F1F7390-CBF2-46A9-8350-AA08A05D5F1A}.Release|Any CPU.Build.0 = Release|Any CPU
		{095EA7B5-037D-40F4-8F7A-0F56BFDDEDE5}.Debug|Any CPU.ActiveCfg = Debug|Any CPU
		{095EA7B5-037D-40F4-8F7A-0F56BFDDEDE5}.Debug|Any CPU.Build.0 = Debug|Any CPU
		{095EA7B5-037D-40F4-8F7A-0F56BFDDEDE5}.Release|Any CPU.ActiveCfg = Release|Any CPU
		{095EA7B5-037D-40F4-8F7A-0F56BFDDEDE5}.Release|Any CPU.Build.0 = Release|Any CPU
		{9DA1C7EC-2AF7-4690-B95F-03A07BAC1685}.Debug|Any CPU.ActiveCfg = Debug|Any CPU
		{9DA1C7EC-2AF7-4690-B95F-03A07BAC1685}.Debug|Any CPU.Build.0 = Debug|Any CPU
		{9DA1C7EC-2AF7-4690-B95F-03A07BAC1685}.Release|Any CPU.ActiveCfg = Release|Any CPU
		{9DA1C7EC-2AF7-4690-B95F-03A07BAC1685}.Release|Any CPU.Build.0 = Release|Any CPU
		{678BF41F-B65F-4D9A-BA73-C0E319A0C0B6}.Debug|Any CPU.ActiveCfg = Debug|Any CPU
		{678BF41F-B65F-4D9A-BA73-C0E319A0C0B6}.Debug|Any CPU.Build.0 = Debug|Any CPU
		{678BF41F-B65F-4D9A-BA73-C0E319A0C0B6}.Release|Any CPU.ActiveCfg = Release|Any CPU
		{678BF41F-B65F-4D9A-BA73-C0E319A0C0B6}.Release|Any CPU.Build.0 = Release|Any CPU
		{817B45F0-9121-419F-945A-21B319832A07}.Debug|Any CPU.ActiveCfg = Debug|Any CPU
		{817B45F0-9121-419F-945A-21B319832A07}.Debug|Any CPU.Build.0 = Debug|Any CPU
		{817B45F0-9121-419F-945A-21B319832A07}.Release|Any CPU.ActiveCfg = Release|Any CPU
		{817B45F0-9121-419F-945A-21B319832A07}.Release|Any CPU.Build.0 = Release|Any CPU
		{B31B4158-8D1E-4053-B950-FFE170BDE625}.Debug|Any CPU.ActiveCfg = Debug|Any CPU
		{B31B4158-8D1E-4053-B950-FFE170BDE625}.Debug|Any CPU.Build.0 = Debug|Any CPU
		{B31B4158-8D1E-4053-B950-FFE170BDE625}.Release|Any CPU.ActiveCfg = Release|Any CPU
		{B31B4158-8D1E-4053-B950-FFE170BDE625}.Release|Any CPU.Build.0 = Release|Any CPU
		{49A82E7C-B080-484C-AD82-63B84D69C04D}.Debug|Any CPU.ActiveCfg = Debug|Any CPU
		{49A82E7C-B080-484C-AD82-63B84D69C04D}.Debug|Any CPU.Build.0 = Debug|Any CPU
		{49A82E7C-B080-484C-AD82-63B84D69C04D}.Release|Any CPU.ActiveCfg = Release|Any CPU
		{49A82E7C-B080-484C-AD82-63B84D69C04D}.Release|Any CPU.Build.0 = Release|Any CPU
	EndGlobalSection
	GlobalSection(NestedProjects) = preSolution
		{731302AA-F3B4-4388-AB4F-24C73EBD19E9} = {78462EE4-1B72-4D04-B8AF-451296F70FED}
		{691CAA0D-FFB7-4E6D-9B97-4CF392472FFD} = {78462EE4-1B72-4D04-B8AF-451296F70FED}
		{5027D56E-3ACB-4E48-962A-41DD44FBA521} = {78462EE4-1B72-4D04-B8AF-451296F70FED}
		{43661942-95F8-439E-BC19-00DF92F6A8FC} = {78462EE4-1B72-4D04-B8AF-451296F70FED}
		{2029F4E7-3442-4714-8DE3-52CE840AA0DA} = {78462EE4-1B72-4D04-B8AF-451296F70FED}
		{29A5F936-C4CA-4208-83C6-ECCAA2CF01B6} = {78462EE4-1B72-4D04-B8AF-451296F70FED}
		{56FC60EE-F6F6-4A8D-94BD-2466002B77C4} = {78462EE4-1B72-4D04-B8AF-451296F70FED}
		{6879BCA0-C108-4CCE-8006-17A08CECE346} = {78462EE4-1B72-4D04-B8AF-451296F70FED}
		{C3E9446C-DD4E-4A0C-A39A-1EC3B50DB046} = {78462EE4-1B72-4D04-B8AF-451296F70FED}
		{E2EA0D41-8768-4494-94F6-D305D6186325} = {78462EE4-1B72-4D04-B8AF-451296F70FED}
		{42B929BA-A355-4A98-881C-1AE9B76D6638} = {78462EE4-1B72-4D04-B8AF-451296F70FED}
		{161C91B8-E2BE-4397-9016-BC446A3FDE66} = {78462EE4-1B72-4D04-B8AF-451296F70FED}
		{1F9956A7-53D8-4D33-B97C-CBB7E9E3652A} = {78462EE4-1B72-4D04-B8AF-451296F70FED}
		{D997DC0E-F501-48A5-B341-AFF65E37D42F} = {78462EE4-1B72-4D04-B8AF-451296F70FED}
		{0ED9B3CC-8AF1-4D1D-908F-F74C353192D2} = {78462EE4-1B72-4D04-B8AF-451296F70FED}
		{220177F8-5FE5-446F-9915-E0CCAE051CE1} = {78462EE4-1B72-4D04-B8AF-451296F70FED}
		{046E9848-935A-46C2-A6D0-D7F231D9DB0D} = {78462EE4-1B72-4D04-B8AF-451296F70FED}
		{049FB515-5EC4-45AE-8B83-F0D606EA2C3C} = {78462EE4-1B72-4D04-B8AF-451296F70FED}
		{937EEA4F-7533-44CE-971A-6967DE742E58} = {78462EE4-1B72-4D04-B8AF-451296F70FED}
		{3E253243-24FC-4951-96CE-DEE6B50A8C42} = {78462EE4-1B72-4D04-B8AF-451296F70FED}
		{2754E027-4076-4304-8B2A-A332C02FBFDF} = {78462EE4-1B72-4D04-B8AF-451296F70FED}
		{D0D01610-B109-4EAF-B505-3D3D573234CF} = {78462EE4-1B72-4D04-B8AF-451296F70FED}
		{0C043621-9A07-4BD0-8F38-6852292CC8AE} = {78462EE4-1B72-4D04-B8AF-451296F70FED}
		{D757CB87-5AAA-4238-B919-A3AD22BC0FFE} = {78462EE4-1B72-4D04-B8AF-451296F70FED}
		{5C197072-58D4-488B-93B4-FFB66BD41436} = {78462EE4-1B72-4D04-B8AF-451296F70FED}
		{FCFFF81C-2EC5-47F9-A078-B57E8059BF79} = {78462EE4-1B72-4D04-B8AF-451296F70FED}
		{7F1F7390-CBF2-46A9-8350-AA08A05D5F1A} = {78462EE4-1B72-4D04-B8AF-451296F70FED}
		{095EA7B5-037D-40F4-8F7A-0F56BFDDEDE5} = {78462EE4-1B72-4D04-B8AF-451296F70FED}
		{9DA1C7EC-2AF7-4690-B95F-03A07BAC1685} = {78462EE4-1B72-4D04-B8AF-451296F70FED}
		{678BF41F-B65F-4D9A-BA73-C0E319A0C0B6} = {78462EE4-1B72-4D04-B8AF-451296F70FED}
		{817B45F0-9121-419F-945A-21B319832A07} = {78462EE4-1B72-4D04-B8AF-451296F70FED}
		{B31B4158-8D1E-4053-B950-FFE170BDE625} = {78462EE4-1B72-4D04-B8AF-451296F70FED}
	EndGlobalSection
EndGlobal
